<?xml version="1.0" encoding="utf-8"?>
<Project ToolsVersion="4.0" xmlns="http://schemas.microsoft.com/developer/msbuild/2003">
  <ItemGroup>
    <Filter Include="Quelldateien">
      <UniqueIdentifier>{4FC737F1-C7A5-4376-A066-2A32D752A2FF}</UniqueIdentifier>
      <Extensions>cpp;c;cc;cxx;c++;cppm;ixx;def;odl;idl;hpj;bat;asm;asmx</Extensions>
    </Filter>
    <Filter Include="Ressourcendateien">
      <UniqueIdentifier>{67DA6AB6-F800-4c08-8B7A-83BB121AAD01}</UniqueIdentifier>
      <Extensions>rc;ico;cur;bmp;dlg;rc2;rct;bin;rgs;gif;jpg;jpeg;jpe;resx;tiff;tif;png;wav;mfcribbon-ms</Extensions>
    </Filter>
    <Filter Include="Headerdateien">
      <UniqueIdentifier>{53e021b0-f051-4ee2-a730-80bf8e0ecb1a}</UniqueIdentifier>
    </Filter>
  </ItemGroup>
  <ItemGroup>
    <ClCompile Include="..\include\txt_button.c">
      <Filter>Quelldateien</Filter>
    </ClCompile>
    <ClCompile Include="..\include\txt_checkbox.c">
      <Filter>Quelldateien</Filter>
    </ClCompile>
    <ClCompile Include="..\include\txt_conditional.c">
      <Filter>Quelldateien</Filter>
    </ClCompile>
    <ClCompile Include="..\include\txt_desktop.c">
      <Filter>Quelldateien</Filter>
    </ClCompile>
    <ClCompile Include="..\include\txt_dropdown.c">
      <Filter>Quelldateien</Filter>
    </ClCompile>
    <ClCompile Include="..\include\txt_fileselect.c">
      <Filter>Quelldateien</Filter>
    </ClCompile>
    <ClCompile Include="..\include\txt_gui.c">
      <Filter>Quelldateien</Filter>
    </ClCompile>
    <ClCompile Include="..\include\txt_inputbox.c">
      <Filter>Quelldateien</Filter>
    </ClCompile>
    <ClCompile Include="..\include\txt_io.c">
      <Filter>Quelldateien</Filter>
    </ClCompile>
    <ClCompile Include="..\include\txt_label.c">
      <Filter>Quelldateien</Filter>
    </ClCompile>
    <ClCompile Include="..\include\txt_radiobutton.c">
      <Filter>Quelldateien</Filter>
    </ClCompile>
    <ClCompile Include="..\include\txt_scrollpane.c">
      <Filter>Quelldateien</Filter>
    </ClCompile>
    <ClCompile Include="..\include\txt_sdl.c">
      <Filter>Quelldateien</Filter>
    </ClCompile>
    <ClCompile Include="..\include\txt_separator.c">
      <Filter>Quelldateien</Filter>
    </ClCompile>
    <ClCompile Include="..\include\txt_spinctrl.c">
      <Filter>Quelldateien</Filter>
    </ClCompile>
    <ClCompile Include="..\include\txt_strut.c">
      <Filter>Quelldateien</Filter>
    </ClCompile>
    <ClCompile Include="..\include\txt_table.c">
      <Filter>Quelldateien</Filter>
    </ClCompile>
    <ClCompile Include="..\include\txt_utf8.c">
      <Filter>Quelldateien</Filter>
    </ClCompile>
    <ClCompile Include="..\include\txt_widget.c">
      <Filter>Quelldateien</Filter>
    </ClCompile>
    <ClCompile Include="..\include\txt_window.c">
      <Filter>Quelldateien</Filter>
    </ClCompile>
    <ClCompile Include="..\include\txt_window_action.c">
      <Filter>Quelldateien</Filter>
    </ClCompile>
  </ItemGroup>
  <ItemGroup>
    <ClInclude Include="..\include\doomkeys.h">
      <Filter>Headerdateien</Filter>
    </ClInclude>
    <ClInclude Include="..\include\textscreen.h">
      <Filter>Headerdateien</Filter>
    </ClInclude>
    <ClInclude Include="..\include\txt_button.h">
      <Filter>Headerdateien</Filter>
    </ClInclude>
    <ClInclude Include="..\include\txt_checkbox.h">
      <Filter>Headerdateien</Filter>
    </ClInclude>
    <ClInclude Include="..\include\txt_conditional.h">
      <Filter>Headerdateien</Filter>
    </ClInclude>
    <ClInclude Include="..\include\txt_desktop.h">
      <Filter>Headerdateien</Filter>
    </ClInclude>
    <ClInclude Include="..\include\txt_dropdown.h">
      <Filter>Headerdateien</Filter>
    </ClInclude>
    <ClInclude Include="..\include\txt_fileselect.h">
      <Filter>Headerdateien</Filter>
    </ClInclude>
    <ClInclude Include="..\include\txt_gui.h">
      <Filter>Headerdateien</Filter>
    </ClInclude>
    <ClInclude Include="..\include\txt_inputbox.h">
      <Filter>Headerdateien</Filter>
    </ClInclude>
    <ClInclude Include="..\include\txt_io.h">
      <Filter>Headerdateien</Filter>
    </ClInclude>
    <ClInclude Include="..\include\txt_label.h">
      <Filter>Headerdateien</Filter>
    </ClInclude>
    <ClInclude Include="..\include\txt_main.h">
      <Filter>Headerdateien</Filter>
    </ClInclude>
    <ClInclude Include="..\include\txt_radiobutton.h">
      <Filter>Headerdateien</Filter>
    </ClInclude>
    <ClInclude Include="..\include\txt_scrollpane.h">
      <Filter>Headerdateien</Filter>
    </ClInclude>
    <ClInclude Include="..\include\txt_sdl.h">
      <Filter>Headerdateien</Filter>
    </ClInclude>
    <ClInclude Include="..\include\txt_separator.h">
      <Filter>Headerdateien</Filter>
    </ClInclude>
    <ClInclude Include="..\include\txt_spinctrl.h">
      <Filter>Headerdateien</Filter>
    </ClInclude>
    <ClInclude Include="..\include\txt_strut.h">
      <Filter>Headerdateien</Filter>
    </ClInclude>
    <ClInclude Include="..\include\txt_table.h">
      <Filter>Headerdateien</Filter>
    </ClInclude>
    <ClInclude Include="..\include\txt_utf8.h">
      <Filter>Headerdateien</Filter>
    </ClInclude>
    <ClInclude Include="..\include\txt_widget.h">
      <Filter>Headerdateien</Filter>
    </ClInclude>
    <ClInclude Include="..\include\txt_window.h">
      <Filter>Headerdateien</Filter>
    </ClInclude>
    <ClInclude Include="..\include\txt_window_action.h">
      <Filter>Headerdateien</Filter>
    </ClInclude>
  </ItemGroup>
</Project>